# THIS IS AN AUTOGENERATED FILE. DO NOT EDIT THIS FILE DIRECTLY.
# yarn lockfile v1


"@codemirror/autocomplete@^0.20.0":
  version "0.20.3"
  resolved "https://vijaygenius123.jfrog.io/artifactory/api/npm/default-npm-virtual/@codemirror/autocomplete/-/autocomplete-0.20.3.tgz#affe2d7e2b2e0be42ee1ac5fb74a1c84a6f1bfd7"
  integrity sha512-lYB+NPGP+LEzAudkWhLfMxhTrxtLILGl938w+RcFrGdrIc54A+UgmCoz+McE3IYRFp4xyQcL4uFJwo+93YdgHw==
  dependencies:
    "@codemirror/language" "^0.20.0"
    "@codemirror/state" "^0.20.0"
    "@codemirror/view" "^0.20.0"
    "@lezer/common" "^0.16.0"

"@codemirror/basic-setup@0.20.0":
  version "0.20.0"
  resolved "https://vijaygenius123.jfrog.io/artifactory/api/npm/default-npm-virtual/@codemirror/basic-setup/-/basic-setup-0.20.0.tgz#ed331e0b2d29efc0a09317de9e10467b992b0c7b"
  integrity sha512-W/ERKMLErWkrVLyP5I8Yh8PXl4r+WFNkdYVSzkXYPQv2RMPSkWpr2BgggiSJ8AHF/q3GuApncDD8I4BZz65fyg==
  dependencies:
    "@codemirror/autocomplete" "^0.20.0"
    "@codemirror/commands" "^0.20.0"
    "@codemirror/language" "^0.20.0"
    "@codemirror/lint" "^0.20.0"
    "@codemirror/search" "^0.20.0"
    "@codemirror/state" "^0.20.0"
    "@codemirror/view" "^0.20.0"

"@codemirror/commands@6.1.2":
  version "6.1.2"
  resolved "https://vijaygenius123.jfrog.io/artifactory/api/npm/default-npm-virtual/@codemirror/commands/-/commands-6.1.2.tgz#84fb7d170047c3aeb7b0047ace59510bb19208de"
  integrity sha512-sO3jdX1s0pam6lIdeSJLMN3DQ6mPEbM4yLvyKkdqtmd/UDwhXA5+AwFJ89rRXm6vTeOXBsE5cAmlos/t7MJdgg==
  dependencies:
    "@codemirror/language" "^6.0.0"
    "@codemirror/state" "^6.0.0"
    "@codemirror/view" "^6.0.0"
    "@lezer/common" "^1.0.0"

"@codemirror/commands@^0.20.0":
  version "0.20.0"
  resolved "https://vijaygenius123.jfrog.io/artifactory/api/npm/default-npm-virtual/@codemirror/commands/-/commands-0.20.0.tgz#51405d442e6b8687b63e8fa27effc28179917c88"
  integrity sha512-v9L5NNVA+A9R6zaFvaTbxs30kc69F6BkOoiEbeFw4m4I0exmDEKBILN6mK+GksJtvTzGBxvhAPlVFTdQW8GB7Q==
  dependencies:
    "@codemirror/language" "^0.20.0"
    "@codemirror/state" "^0.20.0"
    "@codemirror/view" "^0.20.0"
    "@lezer/common" "^0.16.0"

"@codemirror/lang-json@6.0.1":
  version "6.0.1"
  resolved "https://vijaygenius123.jfrog.io/artifactory/api/npm/default-npm-virtual/@codemirror/lang-json/-/lang-json-6.0.1.tgz#0a0be701a5619c4b0f8991f9b5e95fe33f462330"
  integrity sha512-+T1flHdgpqDDlJZ2Lkil/rLiRy684WMLc74xUnjJH48GQdfJo/pudlTRreZmKwzP8/tGdKf83wlbAdOCzlJOGQ==
  dependencies:
    "@codemirror/language" "^6.0.0"
    "@lezer/json" "^1.0.0"

"@codemirror/language@^0.20.0":
  version "0.20.2"
  resolved "https://vijaygenius123.jfrog.io/artifactory/api/npm/default-npm-virtual/@codemirror/language/-/language-0.20.2.tgz#31c3712eac2251810986272dcd6a50510e0c1529"
  integrity sha512-WB3Bnuusw0xhVvhBocieYKwJm04SOk5bPoOEYksVHKHcGHFOaYaw+eZVxR4gIqMMcGzOIUil0FsCmFk8yrhHpw==
  dependencies:
    "@codemirror/state" "^0.20.0"
    "@codemirror/view" "^0.20.0"
    "@lezer/common" "^0.16.0"
    "@lezer/highlight" "^0.16.0"
    "@lezer/lr" "^0.16.0"
    style-mod "^4.0.0"

"@codemirror/language@^6.0.0":
  version "6.3.0"
  resolved "https://vijaygenius123.jfrog.io/artifactory/api/npm/default-npm-virtual/@codemirror/language/-/language-6.3.0.tgz#141c715e1fce5f6dcca3b1b984ed8f03f583dd5c"
  integrity sha512-6jOE5DEt6sKD46SXhn3xPbBehn+l48ACcA6Uxs2k+E2YNH9XGF5WdGMTYr2DlggfK4h0QZBK6zEb5S7lkTriWA==
  dependencies:
    "@codemirror/state" "^6.0.0"
    "@codemirror/view" "^6.0.0"
    "@lezer/common" "^1.0.0"
    "@lezer/highlight" "^1.0.0"
    "@lezer/lr" "^1.0.0"
    style-mod "^4.0.0"

"@codemirror/lint@^0.20.0":
  version "0.20.3"
  resolved "https://vijaygenius123.jfrog.io/artifactory/api/npm/default-npm-virtual/@codemirror/lint/-/lint-0.20.3.tgz#34c0fd45c5acd522637f68602e3a416162e03a15"
  integrity sha512-06xUScbbspZ8mKoODQCEx6hz1bjaq9m8W8DxdycWARMiiX1wMtfCh/MoHpaL7ws/KUMwlsFFfp2qhm32oaCvVA==
  dependencies:
    "@codemirror/state" "^0.20.0"
    "@codemirror/view" "^0.20.2"
    crelt "^1.0.5"

"@codemirror/search@^0.20.0":
  version "0.20.1"
  resolved "https://vijaygenius123.jfrog.io/artifactory/api/npm/default-npm-virtual/@codemirror/search/-/search-0.20.1.tgz#9eba0514218a673e29501a889a4fcb7da7ce24ad"
  integrity sha512-ROe6gRboQU5E4z6GAkNa2kxhXqsGNbeLEisbvzbOeB7nuDYXUZ70vGIgmqPu0tB+1M3F9yWk6W8k2vrFpJaD4Q==
  dependencies:
    "@codemirror/state" "^0.20.0"
    "@codemirror/view" "^0.20.0"
    crelt "^1.0.5"

"@codemirror/state@6.1.3", "@codemirror/state@^6.0.0":
  version "6.1.3"
  resolved "https://vijaygenius123.jfrog.io/artifactory/api/npm/default-npm-virtual/@codemirror/state/-/state-6.1.3.tgz#39bf545c589f51b6978716d188d34f7d7c483350"
  integrity sha512-0Rn7vadZ6EgHaKdIOwyhBWLdPDh1JM5USYqXjxwrvpmTKWu4wQ77twgAYEg1MU282XcrnV4ZqFf+00bu6UPCyg==

"@codemirror/state@^0.20.0":
  version "0.20.1"
  resolved "https://vijaygenius123.jfrog.io/artifactory/api/npm/default-npm-virtual/@codemirror/state/-/state-0.20.1.tgz#de5c6dc0de3e216eaa3a9ee9391c926b766f6b46"
  integrity sha512-ms0tlV5A02OK0pFvTtSUGMLkoarzh1F8mr6jy1cD7ucSC2X/VLHtQCxfhdSEGqTYlQF2hoZtmLv+amqhdgbwjQ==

"@codemirror/view@6.4.2", "@codemirror/view@^6.0.0":
  version "6.4.2"
  resolved "https://vijaygenius123.jfrog.io/artifactory/api/npm/default-npm-virtual/@codemirror/view/-/view-6.4.2.tgz#402a70830598b8ecb87a755ab03433899ce020f8"
  integrity sha512-pKqUTc41sKxNrcqxLm6wV25J2tggSG3tybV+t/nfZNwA16S3vlBFsFLLy18dGOV1APajAl2ehXb7ZxJOayux4Q==
  dependencies:
    "@codemirror/state" "^6.0.0"
    style-mod "^4.0.0"
    w3c-keyname "^2.2.4"

"@codemirror/view@^0.20.0", "@codemirror/view@^0.20.2":
  version "0.20.7"
  resolved "https://vijaygenius123.jfrog.io/artifactory/api/npm/default-npm-virtual/@codemirror/view/-/view-0.20.7.tgz#1d0acc740f71f92abef4b437c030d4e6c39ab6dc"
  integrity sha512-pqEPCb9QFTOtHgAH5XU/oVy9UR/Anj6r+tG5CRmkNVcqSKEPmBU05WtN/jxJCFZBXf6HumzWC9ydE4qstO3TxQ==
  dependencies:
    "@codemirror/state" "^0.20.0"
    style-mod "^4.0.0"
    w3c-keyname "^2.2.4"

"@esbuild/android-arm@0.15.13":
  version "0.15.13"
  resolved "https://vijaygenius123.jfrog.io/artifactory/api/npm/default-npm-virtual/@esbuild/android-arm/-/android-arm-0.15.13.tgz#ce11237a13ee76d5eae3908e47ba4ddd380af86a"
  integrity sha512-RY2fVI8O0iFUNvZirXaQ1vMvK0xhCcl0gqRj74Z6yEiO1zAUa7hbsdwZM1kzqbxHK7LFyMizipfXT3JME+12Hw==

"@esbuild/linux-loong64@0.15.13":
  version "0.15.13"
  resolved "https://vijaygenius123.jfrog.io/artifactory/api/npm/default-npm-virtual/@esbuild/linux-loong64/-/linux-loong64-0.15.13.tgz#64e8825bf0ce769dac94ee39d92ebe6272020dfc"
  integrity sha512-+BoyIm4I8uJmH/QDIH0fu7MG0AEx9OXEDXnqptXCwKOlOqZiS4iraH1Nr7/ObLMokW3sOCeBNyD68ATcV9b9Ag==

"@lezer/common@^0.16.0":
  version "0.16.1"
  resolved "https://vijaygenius123.jfrog.io/artifactory/api/npm/default-npm-virtual/@lezer/common/-/common-0.16.1.tgz#3b98b42fdb11454b89e8a340da10bee1b0f94071"
  integrity sha512-qPmG7YTZ6lATyTOAWf8vXE+iRrt1NJd4cm2nJHK+v7X9TsOF6+HtuU/ctaZy2RCrluxDb89hI6KWQ5LfQGQWuA==

"@lezer/common@^1.0.0":
  version "1.0.1"
  resolved "https://vijaygenius123.jfrog.io/artifactory/api/npm/default-npm-virtual/@lezer/common/-/common-1.0.1.tgz#d014fda6d582c24336fadf2715e76f02f73c8908"
  integrity sha512-8TR5++Q/F//tpDsLd5zkrvEX5xxeemafEaek7mUp7Y+bI8cKQXdSqhzTOBaOogETcMOVr0pT3BBPXp13477ciw==

"@lezer/highlight@^0.16.0":
  version "0.16.0"
  resolved "https://vijaygenius123.jfrog.io/artifactory/api/npm/default-npm-virtual/@lezer/highlight/-/highlight-0.16.0.tgz#95f7b7ee3c32c8a0f6ce499c085e8b1f927ffbdc"
  integrity sha512-iE5f4flHlJ1g1clOStvXNLbORJoiW4Kytso6ubfYzHnaNo/eo5SKhxs4wv/rtvwZQeZrK3we8S9SyA7OGOoRKQ==
  dependencies:
    "@lezer/common" "^0.16.0"

"@lezer/highlight@^1.0.0":
  version "1.1.2"
  resolved "https://vijaygenius123.jfrog.io/artifactory/api/npm/default-npm-virtual/@lezer/highlight/-/highlight-1.1.2.tgz#60cd6c2a0a2cf753b8a026b04feeb0ea8df326ea"
  integrity sha512-CAun1WR1glxG9ZdOokTZwXbcwB7PXkIEyZRUMFBVwSrhTcogWq634/ByNImrkUnQhjju6xsIaOBIxvcRJtplXQ==
  dependencies:
    "@lezer/common" "^1.0.0"

"@lezer/json@^1.0.0":
  version "1.0.0"
  resolved "https://vijaygenius123.jfrog.io/artifactory/api/npm/default-npm-virtual/@lezer/json/-/json-1.0.0.tgz#848ad9c2c3e812518eb02897edd5a7f649e9c160"
  integrity sha512-zbAuUY09RBzCoCA3lJ1+ypKw5WSNvLqGMtasdW6HvVOqZoCpPr8eWrsGnOVWGKGn8Rh21FnrKRVlJXrGAVUqRw==
  dependencies:
    "@lezer/highlight" "^1.0.0"
    "@lezer/lr" "^1.0.0"

"@lezer/lr@^0.16.0":
  version "0.16.3"
  resolved "https://vijaygenius123.jfrog.io/artifactory/api/npm/default-npm-virtual/@lezer/lr/-/lr-0.16.3.tgz#1e4cc581d2725c498e6a731fc83c379114ba3a70"
  integrity sha512-pau7um4eAw94BEuuShUIeQDTf3k4Wt6oIUOYxMmkZgDHdqtIcxWND4LRxi8nI9KuT4I1bXQv67BCapkxt7Ywqw==
  dependencies:
    "@lezer/common" "^0.16.0"

"@lezer/lr@^1.0.0":
  version "1.2.4"
  resolved "https://vijaygenius123.jfrog.io/artifactory/api/npm/default-npm-virtual/@lezer/lr/-/lr-1.2.4.tgz#380b8586c5578ca5d1187afd2284d51af103951e"
  integrity sha512-L/52/oMJBFXXx8qBYF4UgktLP2geQ/qn5Fd8+5L/mqlLLCB9+qdKktFAtejd9FdFMaFx6lrP5rmLz4sN3Kplcg==
  dependencies:
    "@lezer/common" "^1.0.0"

"@popperjs/core@2.11.6":
  version "2.11.6"
  resolved "https://vijaygenius123.jfrog.io/artifactory/api/npm/default-npm-virtual/@popperjs/core/-/core-2.11.6.tgz#cee20bd55e68a1720bdab363ecf0c821ded4cd45"
  integrity sha512-50/17A98tWUfQ176raKiOGXuYpLyyVMkxxG6oylzL3BPOlA6ADGdK7EYunSa4I064xerltq9TGXs8HmOk5E+vw==

asynckit@^0.4.0:
  version "0.4.0"
  resolved "https://vijaygenius123.jfrog.io/artifactory/api/npm/default-npm-virtual/asynckit/-/asynckit-0.4.0.tgz#c79ed97f7f34cb8f2ba1bc9790bcc366474b4b79"
  integrity sha512-Oei9OH4tRh0YqU3GxhX79dM/mwVgvbZJaSNaRk+bshkj0S5cfHcgYakreBjrHwatXKbz+IoIdYLxrKim2MjW0Q==

axios@1.1.3:
  version "1.1.3"
  resolved "https://vijaygenius123.jfrog.io/artifactory/api/npm/default-npm-virtual/axios/-/axios-1.1.3.tgz#8274250dada2edf53814ed7db644b9c2866c1e35"
  integrity sha512-00tXVRwKx/FZr/IDVFt4C+f9FYairX517WoGCL6dpOntqLkZofjhu43F/Xl44UOpqa+9sLFDrG/XAnFsUYgkDA==
  dependencies:
    follow-redirects "^1.15.0"
    form-data "^4.0.0"
    proxy-from-env "^1.1.0"

bootstrap@5.2.2:
  version "5.2.2"
  resolved "https://vijaygenius123.jfrog.io/artifactory/api/npm/default-npm-virtual/bootstrap/-/bootstrap-5.2.2.tgz#834e053eed584a65e244d8aa112a6959f56e27a0"
  integrity sha512-dEtzMTV71n6Fhmbg4fYJzQsw1N29hJKO1js5ackCgIpDcGid2ETMGC6zwSYw09v05Y+oRdQ9loC54zB1La3hHQ==

combined-stream@^1.0.8:
  version "1.0.8"
  resolved "https://vijaygenius123.jfrog.io/artifactory/api/npm/default-npm-virtual/combined-stream/-/combined-stream-1.0.8.tgz#c3d45a8b34fd730631a110a8a2520682b31d5a7f"
  integrity sha512-FQN4MRfuJeHf7cBbBMJFXhKSDq+2kAArBlmRBvcvFE5BB1HZKXtSFASDhdlz9zOYwxh8lDdnvmMOe/+5cdoEdg==
  dependencies:
    delayed-stream "~1.0.0"

crelt@^1.0.5:
  version "1.0.5"
  resolved "https://vijaygenius123.jfrog.io/artifactory/api/npm/default-npm-virtual/crelt/-/crelt-1.0.5.tgz#57c0d52af8c859e354bace1883eb2e1eb182bb94"
  integrity sha512-+BO9wPPi+DWTDcNYhr/W90myha8ptzftZT+LwcmUbbok0rcP/fequmFYCw8NMoH7pkAZQzU78b3kYrlua5a9eA==

delayed-stream@~1.0.0:
  version "1.0.0"
  resolved "https://vijaygenius123.jfrog.io/artifactory/api/npm/default-npm-virtual/delayed-stream/-/delayed-stream-1.0.0.tgz#df3ae199acadfb7d440aaae0b29e2272b24ec619"
  integrity sha512-ZySD7Nf91aLB0RxL4KGrKHBXl7Eds1DAmEdcoVawXnLD7SDhpNgtuII2aAkg7a7QS41jxPSZ17p4VdGnMHk3MQ==

esbuild-android-64@0.15.13:
  version "0.15.13"
  resolved "https://vijaygenius123.jfrog.io/artifactory/api/npm/default-npm-virtual/esbuild-android-64/-/esbuild-android-64-0.15.13.tgz#5f25864055dbd62e250f360b38b4c382224063af"
  integrity sha512-yRorukXBlokwTip+Sy4MYskLhJsO0Kn0/Fj43s1krVblfwP+hMD37a4Wmg139GEsMLl+vh8WXp2mq/cTA9J97g==

esbuild-android-arm64@0.15.13:
  version "0.15.13"
  resolved "https://vijaygenius123.jfrog.io/artifactory/api/npm/default-npm-virtual/esbuild-android-arm64/-/esbuild-android-arm64-0.15.13.tgz#d8820f999314efbe8e0f050653a99ff2da632b0f"
  integrity sha512-TKzyymLD6PiVeyYa4c5wdPw87BeAiTXNtK6amWUcXZxkV51gOk5u5qzmDaYSwiWeecSNHamFsaFjLoi32QR5/w==

esbuild-darwin-64@0.15.13:
  version "0.15.13"
  resolved "https://vijaygenius123.jfrog.io/artifactory/api/npm/default-npm-virtual/esbuild-darwin-64/-/esbuild-darwin-64-0.15.13.tgz#99ae7fdaa43947b06cd9d1a1c3c2c9f245d81fd0"
  integrity sha512-WAx7c2DaOS6CrRcoYCgXgkXDliLnFv3pQLV6GeW1YcGEZq2Gnl8s9Pg7ahValZkpOa0iE/ojRVQ87sbUhF1Cbg==

esbuild-darwin-arm64@0.15.13:
  version "0.15.13"
  resolved "https://vijaygenius123.jfrog.io/artifactory/api/npm/default-npm-virtual/esbuild-darwin-arm64/-/esbuild-darwin-arm64-0.15.13.tgz#bafa1814354ad1a47adcad73de416130ef7f55e3"
  integrity sha512-U6jFsPfSSxC3V1CLiQqwvDuj3GGrtQNB3P3nNC3+q99EKf94UGpsG9l4CQ83zBs1NHrk1rtCSYT0+KfK5LsD8A==

esbuild-freebsd-64@0.15.13:
  version "0.15.13"
  resolved "https://vijaygenius123.jfrog.io/artifactory/api/npm/default-npm-virtual/esbuild-freebsd-64/-/esbuild-freebsd-64-0.15.13.tgz#84ef85535c5cc38b627d1c5115623b088d1de161"
  integrity sha512-whItJgDiOXaDG/idy75qqevIpZjnReZkMGCgQaBWZuKHoElDJC1rh7MpoUgupMcdfOd+PgdEwNQW9DAE6i8wyA==

esbuild-freebsd-arm64@0.15.13:
  version "0.15.13"
  resolved "https://vijaygenius123.jfrog.io/artifactory/api/npm/default-npm-virtual/esbuild-freebsd-arm64/-/esbuild-freebsd-arm64-0.15.13.tgz#033f21de434ec8e0c478054b119af8056763c2d8"
  integrity sha512-6pCSWt8mLUbPtygv7cufV0sZLeylaMwS5Fznj6Rsx9G2AJJsAjQ9ifA+0rQEIg7DwJmi9it+WjzNTEAzzdoM3Q==

esbuild-linux-32@0.15.13:
  version "0.15.13"
  resolved "https://vijaygenius123.jfrog.io/artifactory/api/npm/default-npm-virtual/esbuild-linux-32/-/esbuild-linux-32-0.15.13.tgz#54290ea8035cba0faf1791ce9ae6693005512535"
  integrity sha512-VbZdWOEdrJiYApm2kkxoTOgsoCO1krBZ3quHdYk3g3ivWaMwNIVPIfEE0f0XQQ0u5pJtBsnk2/7OPiCFIPOe/w==

esbuild-linux-64@0.15.13:
  version "0.15.13"
  resolved "https://vijaygenius123.jfrog.io/artifactory/api/npm/default-npm-virtual/esbuild-linux-64/-/esbuild-linux-64-0.15.13.tgz#4264249281ea388ead948614b57fb1ddf7779a2c"
  integrity sha512-rXmnArVNio6yANSqDQlIO4WiP+Cv7+9EuAHNnag7rByAqFVuRusLbGi2697A5dFPNXoO//IiogVwi3AdcfPC6A==

esbuild-linux-arm64@0.15.13:
  version "0.15.13"
  resolved "https://vijaygenius123.jfrog.io/artifactory/api/npm/default-npm-virtual/esbuild-linux-arm64/-/esbuild-linux-arm64-0.15.13.tgz#9323c333924f97a02bdd2ae8912b36298acb312d"
  integrity sha512-alEMGU4Z+d17U7KQQw2IV8tQycO6T+rOrgW8OS22Ua25x6kHxoG6Ngry6Aq6uranC+pNWNMB6aHFPh7aTQdORQ==

esbuild-linux-arm@0.15.13:
  version "0.15.13"
  resolved "https://vijaygenius123.jfrog.io/artifactory/api/npm/default-npm-virtual/esbuild-linux-arm/-/esbuild-linux-arm-0.15.13.tgz#b407f47b3ae721fe4e00e19e9f19289bef87a111"
  integrity sha512-Ac6LpfmJO8WhCMQmO253xX2IU2B3wPDbl4IvR0hnqcPrdfCaUa2j/lLMGTjmQ4W5JsJIdHEdW12dG8lFS0MbxQ==

esbuild-linux-mips64le@0.15.13:
  version "0.15.13"
  resolved "https://vijaygenius123.jfrog.io/artifactory/api/npm/default-npm-virtual/esbuild-linux-mips64le/-/esbuild-linux-mips64le-0.15.13.tgz#bdf905aae5c0bcaa8f83567fe4c4c1bdc1f14447"
  integrity sha512-47PgmyYEu+yN5rD/MbwS6DxP2FSGPo4Uxg5LwIdxTiyGC2XKwHhHyW7YYEDlSuXLQXEdTO7mYe8zQ74czP7W8A==

esbuild-linux-ppc64le@0.15.13:
  version "0.15.13"
  resolved "https://vijaygenius123.jfrog.io/artifactory/api/npm/default-npm-virtual/esbuild-linux-ppc64le/-/esbuild-linux-ppc64le-0.15.13.tgz#2911eae1c90ff58a3bd3259cb557235df25aa3b4"
  integrity sha512-z6n28h2+PC1Ayle9DjKoBRcx/4cxHoOa2e689e2aDJSaKug3jXcQw7mM+GLg+9ydYoNzj8QxNL8ihOv/OnezhA==

esbuild-linux-riscv64@0.15.13:
  version "0.15.13"
  resolved "https://vijaygenius123.jfrog.io/artifactory/api/npm/default-npm-virtual/esbuild-linux-riscv64/-/esbuild-linux-riscv64-0.15.13.tgz#1837c660be12b1d20d2a29c7189ea703f93e9265"
  integrity sha512-+Lu4zuuXuQhgLUGyZloWCqTslcCAjMZH1k3Xc9MSEJEpEFdpsSU0sRDXAnk18FKOfEjhu4YMGaykx9xjtpA6ow==

esbuild-linux-s390x@0.15.13:
  version "0.15.13"
  resolved "https://vijaygenius123.jfrog.io/artifactory/api/npm/default-npm-virtual/esbuild-linux-s390x/-/esbuild-linux-s390x-0.15.13.tgz#d52880ece229d1bd10b2d936b792914ffb07c7fc"
  integrity sha512-BMeXRljruf7J0TMxD5CIXS65y7puiZkAh+s4XFV9qy16SxOuMhxhVIXYLnbdfLrsYGFzx7U9mcdpFWkkvy/Uag==

esbuild-netbsd-64@0.15.13:
  version "0.15.13"
  resolved "https://vijaygenius123.jfrog.io/artifactory/api/npm/default-npm-virtual/esbuild-netbsd-64/-/esbuild-netbsd-64-0.15.13.tgz#de14da46f1d20352b43e15d97a80a8788275e6ed"
  integrity sha512-EHj9QZOTel581JPj7UO3xYbltFTYnHy+SIqJVq6yd3KkCrsHRbapiPb0Lx3EOOtybBEE9EyqbmfW1NlSDsSzvQ==

esbuild-openbsd-64@0.15.13:
  version "0.15.13"
  resolved "https://vijaygenius123.jfrog.io/artifactory/api/npm/default-npm-virtual/esbuild-openbsd-64/-/esbuild-openbsd-64-0.15.13.tgz#45e8a5fd74d92ad8f732c43582369c7990f5a0ac"
  integrity sha512-nkuDlIjF/sfUhfx8SKq0+U+Fgx5K9JcPq1mUodnxI0x4kBdCv46rOGWbuJ6eof2n3wdoCLccOoJAbg9ba/bT2w==

esbuild-sunos-64@0.15.13:
  version "0.15.13"
  resolved "https://vijaygenius123.jfrog.io/artifactory/api/npm/default-npm-virtual/esbuild-sunos-64/-/esbuild-sunos-64-0.15.13.tgz#f646ac3da7aac521ee0fdbc192750c87da697806"
  integrity sha512-jVeu2GfxZQ++6lRdY43CS0Tm/r4WuQQ0Pdsrxbw+aOrHQPHV0+LNOLnvbN28M7BSUGnJnHkHm2HozGgNGyeIRw==

esbuild-windows-32@0.15.13:
  version "0.15.13"
  resolved "https://vijaygenius123.jfrog.io/artifactory/api/npm/default-npm-virtual/esbuild-windows-32/-/esbuild-windows-32-0.15.13.tgz#fb4fe77c7591418880b3c9b5900adc4c094f2401"
  integrity sha512-XoF2iBf0wnqo16SDq+aDGi/+QbaLFpkiRarPVssMh9KYbFNCqPLlGAWwDvxEVz+ywX6Si37J2AKm+AXq1kC0JA==

esbuild-windows-64@0.15.13:
  version "0.15.13"
  resolved "https://vijaygenius123.jfrog.io/artifactory/api/npm/default-npm-virtual/esbuild-windows-64/-/esbuild-windows-64-0.15.13.tgz#1fca8c654392c0c31bdaaed168becfea80e20660"
  integrity sha512-Et6htEfGycjDrtqb2ng6nT+baesZPYQIW+HUEHK4D1ncggNrDNk3yoboYQ5KtiVrw/JaDMNttz8rrPubV/fvPQ==

esbuild-windows-arm64@0.15.13:
  version "0.15.13"
  resolved "https://vijaygenius123.jfrog.io/artifactory/api/npm/default-npm-virtual/esbuild-windows-arm64/-/esbuild-windows-arm64-0.15.13.tgz#4ffd01b6b2888603f1584a2fe96b1f6a6f2b3dd8"
  integrity sha512-3bv7tqntThQC9SWLRouMDmZnlOukBhOCTlkzNqzGCmrkCJI7io5LLjwJBOVY6kOUlIvdxbooNZwjtBvj+7uuVg==

esbuild@^0.15.9:
  version "0.15.13"
  resolved "https://vijaygenius123.jfrog.io/artifactory/api/npm/default-npm-virtual/esbuild/-/esbuild-0.15.13.tgz#7293480038feb2bafa91d3f6a20edab3ba6c108a"
  integrity sha512-Cu3SC84oyzzhrK/YyN4iEVy2jZu5t2fz66HEOShHURcjSkOSAVL8C/gfUT+lDJxkVHpg8GZ10DD0rMHRPqMFaQ==
  optionalDependencies:
    "@esbuild/android-arm" "0.15.13"
    "@esbuild/linux-loong64" "0.15.13"
    esbuild-android-64 "0.15.13"
    esbuild-android-arm64 "0.15.13"
    esbuild-darwin-64 "0.15.13"
    esbuild-darwin-arm64 "0.15.13"
    esbuild-freebsd-64 "0.15.13"
    esbuild-freebsd-arm64 "0.15.13"
    esbuild-linux-32 "0.15.13"
    esbuild-linux-64 "0.15.13"
    esbuild-linux-arm "0.15.13"
    esbuild-linux-arm64 "0.15.13"
    esbuild-linux-mips64le "0.15.13"
    esbuild-linux-ppc64le "0.15.13"
    esbuild-linux-riscv64 "0.15.13"
    esbuild-linux-s390x "0.15.13"
    esbuild-netbsd-64 "0.15.13"
    esbuild-openbsd-64 "0.15.13"
    esbuild-sunos-64 "0.15.13"
    esbuild-windows-32 "0.15.13"
    esbuild-windows-64 "0.15.13"
    esbuild-windows-arm64 "0.15.13"

follow-redirects@^1.15.0:
  version "1.15.2"
  resolved "https://vijaygenius123.jfrog.io/artifactory/api/npm/default-npm-virtual/follow-redirects/-/follow-redirects-1.15.2.tgz#b460864144ba63f2681096f274c4e57026da2c13"
  integrity sha512-VQLG33o04KaQ8uYi2tVNbdrWp1QWxNNea+nmIB4EVM28v0hmP17z7aG1+wAkNzVq4KeXTq3221ye5qTJP91JwA==

form-data@^4.0.0:
  version "4.0.0"
  resolved "https://vijaygenius123.jfrog.io/artifactory/api/npm/default-npm-virtual/form-data/-/form-data-4.0.0.tgz#93919daeaf361ee529584b9b31664dc12c9fa452"
  integrity sha512-ETEklSGi5t0QMZuiXoA/Q6vcnxcLQP5vdugSpuAyi6SVGi2clPPp+xgEhuMaHC+zGgn31Kd235W35f7Hykkaww==
  dependencies:
    asynckit "^0.4.0"
    combined-stream "^1.0.8"
    mime-types "^2.1.12"

fsevents@~2.3.2:
  version "2.3.2"
  resolved "https://vijaygenius123.jfrog.io/artifactory/api/npm/default-npm-virtual/fsevents/-/fsevents-2.3.2.tgz#8a526f78b8fdf4623b709e0b975c52c24c02fd1a"
  integrity sha512-xiqMQR4xAeHTuB9uWm+fFRcIOgKBMiOBP+eXiyT7jsgVCq1bkVygt00oASowB7EdtpOHaaPgKt812P9ab+DDKA==

function-bind@^1.1.1:
  version "1.1.1"
  resolved "https://vijaygenius123.jfrog.io/artifactory/api/npm/default-npm-virtual/function-bind/-/function-bind-1.1.1.tgz#a56899d3ea3c9bab874bb9773b7c5ede92f4895d"
  integrity sha512-yIovAzMX49sF8Yl58fSCWJ5svSLuaibPxXQJFLmBObTuCr0Mf1KiPopGM9NiFjiYBCbfaa2Fh6breQ6ANVTI0A==

has@^1.0.3:
  version "1.0.3"
  resolved "https://vijaygenius123.jfrog.io/artifactory/api/npm/default-npm-virtual/has/-/has-1.0.3.tgz#722d7cbfc1f6aa8241f16dd814e011e1f41e8796"
  integrity sha512-f2dvO0VU6Oej7RkWJGrehjbzMAjFp5/VKPp5tTpWIV4JHHZK1/BxbFRtf/siA2SWTe09caDmVtYYzWEIbBS4zw==
  dependencies:
    function-bind "^1.1.1"

is-core-module@^2.9.0:
  version "2.11.0"
  resolved "https://vijaygenius123.jfrog.io/artifactory/api/npm/default-npm-virtual/is-core-module/-/is-core-module-2.11.0.tgz#ad4cb3e3863e814523c96f3f58d26cc570ff0144"
  integrity sha512-RRjxlvLDkD1YJwDbroBHMb+cukurkDWNyHx7D3oNB5x9rb5ogcksMC5wHCadcXoo67gVr/+3GFySh3134zi6rw==
  dependencies:
    has "^1.0.3"

mime-db@1.52.0:
  version "1.52.0"
  resolved "https://vijaygenius123.jfrog.io/artifactory/api/npm/default-npm-virtual/mime-db/-/mime-db-1.52.0.tgz#bbabcdc02859f4987301c856e3387ce5ec43bf70"
  integrity sha512-sPU4uV7dYlvtWJxwwxHD0PuihVNiE7TyAbQ5SWxDCB9mUYvOgroQOwYQQOKPJ8CIbE+1ETVlOoK1UC2nU3gYvg==

mime-types@^2.1.12:
  version "2.1.35"
  resolved "https://vijaygenius123.jfrog.io/artifactory/api/npm/default-npm-virtual/mime-types/-/mime-types-2.1.35.tgz#381a871b62a734450660ae3deee44813f70d959a"
  integrity sha512-ZDY+bPm5zTTF+YpCrAU9nK0UgICYPT0QtT1NZWFv4s++TNkcgVaT0g6+4R2uI4MjQjzysHB1zxuWL50hzaeXiw==
  dependencies:
    mime-db "1.52.0"

nanoid@^3.3.4:
  version "3.3.4"
  resolved "https://vijaygenius123.jfrog.io/artifactory/api/npm/default-npm-virtual/nanoid/-/nanoid-3.3.4.tgz#730b67e3cd09e2deacf03c027c81c9d9dbc5e8ab"
  integrity sha512-MqBkQh/OHTS2egovRtLk45wEyNXwF+cokD+1YPf9u5VfJiRdAiRwB2froX5Co9Rh20xs4siNPm8naNotSD6RBw==

path-parse@^1.0.7:
  version "1.0.7"
  resolved "https://vijaygenius123.jfrog.io/artifactory/api/npm/default-npm-virtual/path-parse/-/path-parse-1.0.7.tgz#fbc114b60ca42b30d9daf5858e4bd68bbedb6735"
  integrity sha512-LDJzPVEEEPR+y48z93A0Ed0yXb8pAByGWo/k5YYdYgpY2/2EsOsksJrq7lOHxryrVOn1ejG6oAp8ahvOIQD8sw==

picocolors@^1.0.0:
  version "1.0.0"
  resolved "https://vijaygenius123.jfrog.io/artifactory/api/npm/default-npm-virtual/picocolors/-/picocolors-1.0.0.tgz#cb5bdc74ff3f51892236eaf79d68bc44564ab81c"
  integrity sha512-1fygroTLlHu66zi26VoTDv8yRgm0Fccecssto+MhsZ0D/DGW2sm8E8AjW7NU5VVTRt5GxbeZ5qBuJr+HyLYkjQ==

postcss@^8.4.18:
  version "8.4.19"
  resolved "https://vijaygenius123.jfrog.io/artifactory/api/npm/default-npm-virtual/postcss/-/postcss-8.4.19.tgz#61178e2add236b17351897c8bcc0b4c8ecab56fc"
  integrity sha512-h+pbPsyhlYj6N2ozBmHhHrs9DzGmbaarbLvWipMRO7RLS+v4onj26MPFXA5OBYFxyqYhUJK456SwDcY9H2/zsA==
  dependencies:
    nanoid "^3.3.4"
    picocolors "^1.0.0"
    source-map-js "^1.0.2"

proxy-from-env@^1.1.0:
  version "1.1.0"
  resolved "https://vijaygenius123.jfrog.io/artifactory/api/npm/default-npm-virtual/proxy-from-env/-/proxy-from-env-1.1.0.tgz#e102f16ca355424865755d2c9e8ea4f24d58c3e2"
  integrity sha512-D+zkORCbA9f1tdWRK0RaCR3GPv50cMxcrz4X8k5LTSUD1Dkw47mKJEZQNunItRTkWwgtaUSo1RVFRIG9ZXiFYg==

resolve@^1.22.1:
  version "1.22.1"
  resolved "https://vijaygenius123.jfrog.io/artifactory/api/npm/default-npm-virtual/resolve/-/resolve-1.22.1.tgz#27cb2ebb53f91abb49470a928bba7558066ac177"
  integrity sha512-nBpuuYuY5jFsli/JIs1oldw6fOQCBioohqWZg/2hiaOybXOft4lonv85uDOKXdf8rhyK159cxU5cDcK/NKk8zw==
  dependencies:
    is-core-module "^2.9.0"
    path-parse "^1.0.7"
    supports-preserve-symlinks-flag "^1.0.0"

rollup@^2.79.1:
  version "2.79.1"
  resolved "https://vijaygenius123.jfrog.io/artifactory/api/npm/default-npm-virtual/rollup/-/rollup-2.79.1.tgz#bedee8faef7c9f93a2647ac0108748f497f081c7"
  integrity sha512-uKxbd0IhMZOhjAiD5oAFp7BqvkA4Dv47qpOCtaNvng4HBwdbWtdOh8f5nZNuk2rp51PMGk3bzfWu5oayNEuYnw==
  optionalDependencies:
    fsevents "~2.3.2"

source-map-js@^1.0.2:
  version "1.0.2"
  resolved "https://vijaygenius123.jfrog.io/artifactory/api/npm/default-npm-virtual/source-map-js/-/source-map-js-1.0.2.tgz#adbc361d9c62df380125e7f161f71c826f1e490c"
  integrity sha512-R0XvVJ9WusLiqTCEiGCmICCMplcCkIwwR11mOSD9CR5u+IXYdiseeEuXCVAjS54zqwkLcPNnmU4OeJ6tUrWhDw==

style-mod@^4.0.0:
  version "4.0.0"
  resolved "https://vijaygenius123.jfrog.io/artifactory/api/npm/default-npm-virtual/style-mod/-/style-mod-4.0.0.tgz#97e7c2d68b592975f2ca7a63d0dd6fcacfe35a01"
  integrity sha512-OPhtyEjyyN9x3nhPsu76f52yUGXiZcgvsrFVtvTkyGRQJ0XK+GPc6ov1z+lRpbeabka+MYEQxOYRnt5nF30aMw==

supports-preserve-symlinks-flag@^1.0.0:
  version "1.0.0"
  resolved "https://vijaygenius123.jfrog.io/artifactory/api/npm/default-npm-virtual/supports-preserve-symlinks-flag/-/supports-preserve-symlinks-flag-1.0.0.tgz#6eda4bd344a3c94aea376d4cc31bc77311039e09"
  integrity sha512-ot0WnXS9fgdkgIcePe6RHNk1WA8+muPa6cSjeR3V8K27q9BB1rTE3R1p7Hv0z1ZyAc8s6Vvv8DIyWf681MAt0w==

typescript@^4.6.4:
  version "4.8.4"
  resolved "https://vijaygenius123.jfrog.io/artifactory/api/npm/default-npm-virtual/typescript/-/typescript-4.8.4.tgz#c464abca159669597be5f96b8943500b238e60e6"
  integrity sha512-QCh+85mCy+h0IGff8r5XWzOVSbBO+KfeYrMQh7NJ58QujwcE22u+NUSmUxqF+un70P9GXKxa2HCNiTTMJknyjQ==

vite@^3.2.3:
  version "3.2.3"
  resolved "https://vijaygenius123.jfrog.io/artifactory/api/npm/default-npm-virtual/vite/-/vite-3.2.3.tgz#7a68d9ef73eff7ee6dc0718ad3507adfc86944a7"
  integrity sha512-h8jl1TZ76eGs3o2dIBSsvXDLb1m/Ec1iej8ZMdz+PsaFUsftZeWe2CZOI3qogEsMNaywc17gu0q6cQDzh/weCQ==
  dependencies:
    esbuild "^0.15.9"
    postcss "^8.4.18"
    resolve "^1.22.1"
    rollup "^2.79.1"
  optionalDependencies:
    fsevents "~2.3.2"

w3c-keyname@^2.2.4:
  version "2.2.6"
  resolved "https://vijaygenius123.jfrog.io/artifactory/api/npm/default-npm-virtual/w3c-keyname/-/w3c-keyname-2.2.6.tgz#8412046116bc16c5d73d4e612053ea10a189c85f"
  integrity sha512-f+fciywl1SJEniZHD6H+kUO8gOnwIr7f4ijKA6+ZvJFjeGi1r4PDLl53Ayud9O/rk64RqgoQine0feoeOU0kXg==
